
Microsoft Visual Studio Solution File, Format Version 12.00
# Visual Studio Version 17
VisualStudioVersion = 17.4.33110.190
MinimumVisualStudioVersion = 10.0.40219.1
Project("{FAE04EC0-301F-11D3-BF4B-00C04F79EFBC}") = "FlagApplication", "FlagApplication\FlagApplication.csproj", "{B6DAB7F7-FACB-4701-81F6-554CB76BC901}"
EndProject
Global
	GlobalSection(SolutionConfigurationPlatforms) = preSolution
		Debug|Any CPU = Debug|Any CPU
		Release|Any CPU = Release|Any CPU
	EndGlobalSection
	GlobalSection(ProjectConfigurationPlatforms) = postSolution
		{B6DAB7F7-FACB-4701-81F6-554CB76BC901}.Debug|Any CPU.ActiveCfg = Debug|Any CPU
		{B6DAB7F7-FACB-4701-81F6-554CB76BC901}.Debug|Any CPU.Build.0 = Debug|Any CPU
		{B6DAB7F7-FACB-4701-81F6-554CB76BC901}.Release|Any CPU.ActiveCfg = Release|Any CPU
		{B6DAB7F7-FACB-4701-81F6-554CB76BC901}.Release|Any CPU.Build.0 = Release|Any CPU
	EndGlobalSection
	GlobalSection(SolutionProperties) = preSolution
		HideSolutionNode = FALSE
	EndGlobalSection
	GlobalSection(ExtensibilityGlobals) = postSolution
		SolutionGuid = {CAEBB6CE-33B2-49FE-A7B9-6417F33D8B0D}
	EndGlobalSection
EndGlobal
